
Microsoft Visual Studio Solution File, Format Version 12.00
# Visual Studio Version 16
VisualStudioVersion = 16.0.30320.27
MinimumVisualStudioVersion = 10.0.40219.1
Project("{9A19103F-16F7-4668-BE54-9A1E7A4F7556}") = "mPlant", "mPlant\mPlant.csproj", "{7BFBC30B-C0D6-4B35-836E-63D519D262D5}"
EndProject
Global
	GlobalSection(SolutionConfigurationPlatforms) = preSolution
		Debug|Any CPU = Debug|Any CPU
		Release|Any CPU = Release|Any CPU
	EndGlobalSection
	GlobalSection(ProjectConfigurationPlatforms) = postSolution
		{7BFBC30B-C0D6-4B35-836E-63D519D262D5}.Debug|Any CPU.ActiveCfg = Debug|Any CPU
		{7BFBC30B-C0D6-4B35-836E-63D519D262D5}.Debug|Any CPU.Build.0 = Debug|Any CPU
		{7BFBC30B-C0D6-4B35-836E-63D519D262D5}.Release|Any CPU.ActiveCfg = Release|Any CPU
		{7BFBC30B-C0D6-4B35-836E-63D519D262D5}.Release|Any CPU.Build.0 = Release|Any CPU
	EndGlobalSection
	GlobalSection(SolutionProperties) = preSolution
		HideSolutionNode = FALSE
	EndGlobalSection
	GlobalSection(ExtensibilityGlobals) = postSolution
		SolutionGuid = {DD448131-E6F5-4DAB-958A-90D8D9641AC8}
	EndGlobalSection
EndGlobal
